
Microsoft Visual Studio Solution File, Format Version 12.00
# Visual Studio 2012
Project("{FAE04EC0-301F-11D3-BF4B-00C04F79EFBC}") = "Archimind.Platform.ServiceModel.Security.Contracts", "Archimind.Platform.ServiceModel.Security.Contracts\Archimind.Platform.ServiceModel.Security.Contracts.csproj", "{DEFA5C83-FAE9-4657-B625-DF171C55753F}"
EndProject
Project("{FAE04EC0-301F-11D3-BF4B-00C04F79EFBC}") = "Archimind.Platform.ServiceModel.Security.Client", "Archimind.Platform.ServiceModel.Security.Client\Archimind.Platform.ServiceModel.Security.Client.csproj", "{D629779B-3594-4730-9A3A-F2881399E5E2}"
EndProject
Project("{FAE04EC0-301F-11D3-BF4B-00C04F79EFBC}") = "Archimind.Platform.ServiceModel.Tests", "Archimind.Platform.ServiceModel.Tests\Archimind.Platform.ServiceModel.Tests.csproj", "{FD4EB6BD-AA68-4DD1-A78C-FAC8A92E0264}"
EndProject
Project("{FAE04EC0-301F-11D3-BF4B-00C04F79EFBC}") = "Archimind.Platform.Core", "Archimind.Platform.Core\Archimind.Platform.Core.csproj", "{8339732B-D625-4976-AA1D-046CEF9FE9D5}"
EndProject
Project("{FAE04EC0-301F-11D3-BF4B-00C04F79EFBC}") = "Archimind.Platform.Security.UI.Web", "Archimind.Platform.Security.UI.Web\Archimind.Platform.Security.UI.Web.csproj", "{80ACBE8D-7157-461F-AC29-79047B5F10C9}"
EndProject
Project("{FAE04EC0-301F-11D3-BF4B-00C04F79EFBC}") = "Archimind.Platform.Patterns", "Archimind.Platform.Patterns\Archimind.Platform.Patterns.csproj", "{F0801DFD-ABAB-4870-93CB-ED8ECE6F03D3}"
EndProject
Project("{FAE04EC0-301F-11D3-BF4B-00C04F79EFBC}") = "Archimind.Platform.BusinessEntities", "Archimind.Platform.BusinessEntities\Archimind.Platform.BusinessEntities.csproj", "{89C70951-F3EC-4016-9487-76A05B9ADF68}"
EndProject
Global
	GlobalSection(SolutionConfigurationPlatforms) = preSolution
		Debug|Any CPU = Debug|Any CPU
		Release|Any CPU = Release|Any CPU
	EndGlobalSection
	GlobalSection(ProjectConfigurationPlatforms) = postSolution
		{DEFA5C83-FAE9-4657-B625-DF171C55753F}.Debug|Any CPU.ActiveCfg = Debug|Any CPU
		{DEFA5C83-FAE9-4657-B625-DF171C55753F}.Debug|Any CPU.Build.0 = Debug|Any CPU
		{DEFA5C83-FAE9-4657-B625-DF171C55753F}.Release|Any CPU.ActiveCfg = Release|Any CPU
		{DEFA5C83-FAE9-4657-B625-DF171C55753F}.Release|Any CPU.Build.0 = Release|Any CPU
		{D629779B-3594-4730-9A3A-F2881399E5E2}.Debug|Any CPU.ActiveCfg = Debug|Any CPU
		{D629779B-3594-4730-9A3A-F2881399E5E2}.Debug|Any CPU.Build.0 = Debug|Any CPU
		{D629779B-3594-4730-9A3A-F2881399E5E2}.Release|Any CPU.ActiveCfg = Release|Any CPU
		{D629779B-3594-4730-9A3A-F2881399E5E2}.Release|Any CPU.Build.0 = Release|Any CPU
		{FD4EB6BD-AA68-4DD1-A78C-FAC8A92E0264}.Debug|Any CPU.ActiveCfg = Debug|Any CPU
		{FD4EB6BD-AA68-4DD1-A78C-FAC8A92E0264}.Debug|Any CPU.Build.0 = Debug|Any CPU
		{FD4EB6BD-AA68-4DD1-A78C-FAC8A92E0264}.Release|Any CPU.ActiveCfg = Release|Any CPU
		{FD4EB6BD-AA68-4DD1-A78C-FAC8A92E0264}.Release|Any CPU.Build.0 = Release|Any CPU
		{8339732B-D625-4976-AA1D-046CEF9FE9D5}.Debug|Any CPU.ActiveCfg = Debug|Any CPU
		{8339732B-D625-4976-AA1D-046CEF9FE9D5}.Debug|Any CPU.Build.0 = Debug|Any CPU
		{8339732B-D625-4976-AA1D-046CEF9FE9D5}.Release|Any CPU.ActiveCfg = Release|Any CPU
		{8339732B-D625-4976-AA1D-046CEF9FE9D5}.Release|Any CPU.Build.0 = Release|Any CPU
		{80ACBE8D-7157-461F-AC29-79047B5F10C9}.Debug|Any CPU.ActiveCfg = Debug|Any CPU
		{80ACBE8D-7157-461F-AC29-79047B5F10C9}.Debug|Any CPU.Build.0 = Debug|Any CPU
		{80ACBE8D-7157-461F-AC29-79047B5F10C9}.Release|Any CPU.ActiveCfg = Release|Any CPU
		{80ACBE8D-7157-461F-AC29-79047B5F10C9}.Release|Any CPU.Build.0 = Release|Any CPU
		{F0801DFD-ABAB-4870-93CB-ED8ECE6F03D3}.Debug|Any CPU.ActiveCfg = Debug|Any CPU
		{F0801DFD-ABAB-4870-93CB-ED8ECE6F03D3}.Debug|Any CPU.Build.0 = Debug|Any CPU
		{F0801DFD-ABAB-4870-93CB-ED8ECE6F03D3}.Release|Any CPU.ActiveCfg = Release|Any CPU
		{F0801DFD-ABAB-4870-93CB-ED8ECE6F03D3}.Release|Any CPU.Build.0 = Release|Any CPU
		{89C70951-F3EC-4016-9487-76A05B9ADF68}.Debug|Any CPU.ActiveCfg = Debug|Any CPU
		{89C70951-F3EC-4016-9487-76A05B9ADF68}.Debug|Any CPU.Build.0 = Debug|Any CPU
		{89C70951-F3EC-4016-9487-76A05B9ADF68}.Release|Any CPU.ActiveCfg = Release|Any CPU
		{89C70951-F3EC-4016-9487-76A05B9ADF68}.Release|Any CPU.Build.0 = Release|Any CPU
	EndGlobalSection
	GlobalSection(SolutionProperties) = preSolution
		HideSolutionNode = FALSE
	EndGlobalSection
	GlobalSection(ExtensibilityGlobals) = postSolution
		EnterpriseLibraryConfigurationToolBinariesPathV6 = packages\EnterpriseLibrary.Common.6.0.1304.0\lib\NET45;packages\EnterpriseLibrary.Data.6.0.1304.0\lib\NET45;packages\EnterpriseLibrary.ExceptionHandling.6.0.1304.0\lib\NET45;packages\EnterpriseLibrary.Logging.6.0.1304.0\lib\NET45;packages\EnterpriseLibrary.ExceptionHandling.Logging.6.0.1304.0\lib\NET45;packages\EnterpriseLibrary.TransientFaultHandling.6.0.1304.0\lib\portable-net45+win+wp8;packages\EnterpriseLibrary.TransientFaultHandling.Data.6.0.1304.1\lib\NET45
	EndGlobalSection
EndGlobal
